
Microsoft Visual Studio Solution File, Format Version 12.00
# Visual Studio Version 17
VisualStudioVersion = 17.4.33110.190
MinimumVisualStudioVersion = 10.0.40219.1
Project("{FAE04EC0-301F-11D3-BF4B-00C04F79EFBC}") = "FiorelloProject", "FiorelloProject\FiorelloProject.csproj", "{C01AC2A3-F47C-40D6-9661-ACE09228B3AF}"
EndProject
Global
	GlobalSection(SolutionConfigurationPlatforms) = preSolution
		Debug|Any CPU = Debug|Any CPU
		Release|Any CPU = Release|Any CPU
	EndGlobalSection
	GlobalSection(ProjectConfigurationPlatforms) = postSolution
		{C01AC2A3-F47C-40D6-9661-ACE09228B3AF}.Debug|Any CPU.ActiveCfg = Debug|Any CPU
		{C01AC2A3-F47C-40D6-9661-ACE09228B3AF}.Debug|Any CPU.Build.0 = Debug|Any CPU
		{C01AC2A3-F47C-40D6-9661-ACE09228B3AF}.Release|Any CPU.ActiveCfg = Release|Any CPU
		{C01AC2A3-F47C-40D6-9661-ACE09228B3AF}.Release|Any CPU.Build.0 = Release|Any CPU
	EndGlobalSection
	GlobalSection(SolutionProperties) = preSolution
		HideSolutionNode = FALSE
	EndGlobalSection
	GlobalSection(ExtensibilityGlobals) = postSolution
		SolutionGuid = {B673CEE2-6A99-4531-88AF-63A49FADA2F0}
	EndGlobalSection
EndGlobal
